{
  "originHash" : "a237d612d1f32949696de28da62beafe913f980af884ad0315f135ad77826a7c",
  "pins" : [
    {
      "identity" : "ios_commerce_sdk_binary",
      "kind" : "remoteSourceControl",
      "location" : "https://github.com/NomixGroup/ios_commerce_sdk_binary",
      "state" : {
        "revision" : "f45690f43c0ba9d46d3608892ef62d7baa840801",
        "version" : "1.7.1"
      }
    }
  ],
  "version" : 3
}
