{
  "originHash" : "a237d612d1f32949696de28da62beafe913f980af884ad0315f135ad77826a7c",
  "pins" : [
    {
      "identity" : "ios_commerce_sdk_binary",
      "kind" : "remoteSourceControl",
      "location" : "https://github.com/NomixGroup/ios_commerce_sdk_binary",
      "state" : {
        "revision" : "309362361e49b4cb4cea7e37e55596550daeb31d",
        "version" : "1.7.0"
      }
    }
  ],
  "version" : 3
}
