{
  "originHash" : "a237d612d1f32949696de28da62beafe913f980af884ad0315f135ad77826a7c",
  "pins" : [
    {
      "identity" : "ios_commerce_sdk_binary",
      "kind" : "remoteSourceControl",
      "location" : "https://github.com/NomixGroup/ios_commerce_sdk_binary",
      "state" : {
        "revision" : "a866b11102569daad59d4c6689ad965b69a9c2c5",
        "version" : "1.7.3"
      }
    }
  ],
  "version" : 3
}
